<?xml version="1.0" encoding="utf-8"?>
<Project ToolsVersion="16.0" xmlns="http://schemas.microsoft.com/developer/msbuild/2003">
  <ItemGroup>
    <ClCompile Include="C:\Users\Bacau\Desktop\svo recording\playback\cpp\src\main.cpp">
      <Filter>Source Files</Filter>
    </ClCompile>
    <ClCompile Include="C:\Users\Bacau\Desktop\svo recording\playback\cpp\src\Filter.cpp">
      <Filter>Source Files</Filter>
    </ClCompile>
  </ItemGroup>
  <ItemGroup>
    <ClInclude Include="C:\Users\Bacau\Desktop\svo recording\playback\cpp\include\utils.hpp">
      <Filter>Header Files</Filter>
    </ClInclude>
    <ClInclude Include="C:\Users\Bacau\Desktop\svo recording\playback\cpp\src\Filter.h">
      <Filter>Source Files</Filter>
    </ClInclude>
  </ItemGroup>
  <ItemGroup>
    <CustomBuild Include="C:\Users\Bacau\Desktop\svo recording\playback\cpp\CMakeLists.txt" />
  </ItemGroup>
  <ItemGroup>
    <Filter Include="Header Files">
      <UniqueIdentifier>{E978B991-BD04-359D-B27B-35008A4D824B}</UniqueIdentifier>
    </Filter>
    <Filter Include="Source Files">
      <UniqueIdentifier>{6E919FA8-BB7C-37AF-952D-BA6DD746AAC5}</UniqueIdentifier>
    </Filter>
  </ItemGroup>
</Project>